
Microsoft Visual Studio Solution File, Format Version 12.00
# Visual Studio 2013
VisualStudioVersion = 12.0.31101.0
MinimumVisualStudioVersion = 10.0.40219.1
Project("{FAE04EC0-301F-11D3-BF4B-00C04F79EFBC}") = "ChessDataMining", "Week1\ChessDataMining.csproj", "{CCC6F0EA-DA68-45AE-ABBA-51C60ECBF4F4}"
EndProject
Project("{FAE04EC0-301F-11D3-BF4B-00C04F79EFBC}") = "ChessDataMiningTest", "Test\ChessDataMiningTest.csproj", "{BA667A26-7426-4B60-A391-E2C6302169F3}"
EndProject
Project("{FAE04EC0-301F-11D3-BF4B-00C04F79EFBC}") = "DataMining", "DataMining\DataMining.csproj", "{8B76E6AB-5E49-4B43-8A2E-AC848019F57C}"
EndProject
Project("{FAE04EC0-301F-11D3-BF4B-00C04F79EFBC}") = "DataMiningTest", "DataMiningTest\DataMiningTest.csproj", "{F5269E21-89BC-4FFF-9D67-4A9A1675F6A9}"
EndProject
Project("{2150E333-8FDC-42A3-9474-1A3956D46DE8}") = ".nuget", ".nuget", "{3561151D-0923-483F-BC47-11D59274DD9A}"
	ProjectSection(SolutionItems) = preProject
		.nuget\packages.config = .nuget\packages.config
	EndProjectSection
EndProject
Project("{FAE04EC0-301F-11D3-BF4B-00C04F79EFBC}") = "ChessMiningApp", "ChessMiningApp\ChessMiningApp.csproj", "{CE8FE74C-2D1C-4C59-A0E1-7483FA209679}"
EndProject
Global
	GlobalSection(SolutionConfigurationPlatforms) = preSolution
		Debug|Any CPU = Debug|Any CPU
		Release|Any CPU = Release|Any CPU
	EndGlobalSection
	GlobalSection(ProjectConfigurationPlatforms) = postSolution
		{CCC6F0EA-DA68-45AE-ABBA-51C60ECBF4F4}.Debug|Any CPU.ActiveCfg = Debug|Any CPU
		{CCC6F0EA-DA68-45AE-ABBA-51C60ECBF4F4}.Debug|Any CPU.Build.0 = Debug|Any CPU
		{CCC6F0EA-DA68-45AE-ABBA-51C60ECBF4F4}.Release|Any CPU.ActiveCfg = Release|Any CPU
		{CCC6F0EA-DA68-45AE-ABBA-51C60ECBF4F4}.Release|Any CPU.Build.0 = Release|Any CPU
		{BA667A26-7426-4B60-A391-E2C6302169F3}.Debug|Any CPU.ActiveCfg = Debug|Any CPU
		{BA667A26-7426-4B60-A391-E2C6302169F3}.Debug|Any CPU.Build.0 = Debug|Any CPU
		{BA667A26-7426-4B60-A391-E2C6302169F3}.Release|Any CPU.ActiveCfg = Release|Any CPU
		{BA667A26-7426-4B60-A391-E2C6302169F3}.Release|Any CPU.Build.0 = Release|Any CPU
		{8B76E6AB-5E49-4B43-8A2E-AC848019F57C}.Debug|Any CPU.ActiveCfg = Debug|Any CPU
		{8B76E6AB-5E49-4B43-8A2E-AC848019F57C}.Debug|Any CPU.Build.0 = Debug|Any CPU
		{8B76E6AB-5E49-4B43-8A2E-AC848019F57C}.Release|Any CPU.ActiveCfg = Release|Any CPU
		{8B76E6AB-5E49-4B43-8A2E-AC848019F57C}.Release|Any CPU.Build.0 = Release|Any CPU
		{F5269E21-89BC-4FFF-9D67-4A9A1675F6A9}.Debug|Any CPU.ActiveCfg = Debug|Any CPU
		{F5269E21-89BC-4FFF-9D67-4A9A1675F6A9}.Debug|Any CPU.Build.0 = Debug|Any CPU
		{F5269E21-89BC-4FFF-9D67-4A9A1675F6A9}.Release|Any CPU.ActiveCfg = Release|Any CPU
		{F5269E21-89BC-4FFF-9D67-4A9A1675F6A9}.Release|Any CPU.Build.0 = Release|Any CPU
		{CE8FE74C-2D1C-4C59-A0E1-7483FA209679}.Debug|Any CPU.ActiveCfg = Debug|Any CPU
		{CE8FE74C-2D1C-4C59-A0E1-7483FA209679}.Debug|Any CPU.Build.0 = Debug|Any CPU
		{CE8FE74C-2D1C-4C59-A0E1-7483FA209679}.Release|Any CPU.ActiveCfg = Release|Any CPU
		{CE8FE74C-2D1C-4C59-A0E1-7483FA209679}.Release|Any CPU.Build.0 = Release|Any CPU
	EndGlobalSection
	GlobalSection(SolutionProperties) = preSolution
		HideSolutionNode = FALSE
	EndGlobalSection
EndGlobal
